<?xml version="1.0" encoding="utf-8"?>
<Project ToolsVersion="4.0" xmlns="http://schemas.microsoft.com/developer/msbuild/2003">
  <ItemGroup>
    <Filter Include="Source">
      <UniqueIdentifier>{69ea5d17-cf24-4026-8b21-0c39f7b75732}</UniqueIdentifier>
    </Filter>
    <Filter Include="Framework">
      <UniqueIdentifier>{f16ecac9-2cdb-424f-a2d3-db6fa3eaba63}</UniqueIdentifier>
    </Filter>
    <Filter Include="Framework\platform">
      <UniqueIdentifier>{beb678a3-4ed1-4d10-8ff8-a4a7fa83ac53}</UniqueIdentifier>
    </Filter>
    <Filter Include="Framework\platform\win">
      <UniqueIdentifier>{2e8182cf-f74a-4bcb-a310-b5234bfdd1b2}</UniqueIdentifier>
    </Filter>
    <Filter Include="Framework\platform\win\d3d11">
      <UniqueIdentifier>{05790a06-e2b8-422c-bd03-16229bbc7045}</UniqueIdentifier>
    </Filter>
  </ItemGroup>
  <ItemGroup>
    <ClCompile Include="..\..\src\Browser.cc">
      <Filter>Source</Filter>
    </ClCompile>
    <ClCompile Include="..\..\src\Tab.cc">
      <Filter>Source</Filter>
    </ClCompile>
    <ClCompile Include="..\..\src\UI.cc">
      <Filter>Source</Filter>
    </ClCompile>
    <ClCompile Include="..\..\..\..\deps\Framework\JSHelpers.cpp">
      <Filter>Framework</Filter>
    </ClCompile>
    <ClCompile Include="..\..\..\..\deps\Framework\Overlay.cpp">
      <Filter>Framework</Filter>
    </ClCompile>
    <ClCompile Include="..\..\..\..\deps\Framework\platform\win\FileSystemWin.cpp">
      <Filter>Framework\platform\win</Filter>
    </ClCompile>
    <ClCompile Include="..\..\..\..\deps\Framework\platform\win\FontLoaderWin.cpp">
      <Filter>Framework\platform\win</Filter>
    </ClCompile>
    <ClCompile Include="..\..\..\..\deps\Framework\platform\win\main.cc">
      <Filter>Framework\platform\win</Filter>
    </ClCompile>
    <ClCompile Include="..\..\..\..\deps\Framework\platform\win\MainLoopWin.cpp">
      <Filter>Framework\platform\win</Filter>
    </ClCompile>
    <ClCompile Include="..\..\..\..\deps\Framework\platform\win\PlatformWin.cpp">
      <Filter>Framework\platform\win</Filter>
    </ClCompile>
    <ClCompile Include="..\..\..\..\deps\Framework\platform\win\WindowWin.cpp">
      <Filter>Framework\platform\win</Filter>
    </ClCompile>
    <ClCompile Include="..\..\..\..\deps\Framework\platform\win\d3d11\GPUContextD3D11.cpp">
      <Filter>Framework\platform\win\d3d11</Filter>
    </ClCompile>
    <ClCompile Include="..\..\..\..\deps\Framework\platform\win\d3d11\GPUDriverD3D11.cpp">
      <Filter>Framework\platform\win\d3d11</Filter>
    </ClCompile>
  </ItemGroup>
  <ItemGroup>
    <ClInclude Include="..\..\src\UI.h">
      <Filter>Source</Filter>
    </ClInclude>
    <ClInclude Include="..\..\src\Browser.h">
      <Filter>Source</Filter>
    </ClInclude>
    <ClInclude Include="..\..\src\Tab.h">
      <Filter>Source</Filter>
    </ClInclude>
    <ClInclude Include="..\..\..\..\deps\Framework\Application.h">
      <Filter>Framework</Filter>
    </ClInclude>
    <ClInclude Include="..\..\..\..\deps\Framework\GPUContext.h">
      <Filter>Framework</Filter>
    </ClInclude>
    <ClInclude Include="..\..\..\..\deps\Framework\JSHelpers.h">
      <Filter>Framework</Filter>
    </ClInclude>
    <ClInclude Include="..\..\..\..\deps\Framework\Overlay.h">
      <Filter>Framework</Filter>
    </ClInclude>
    <ClInclude Include="..\..\..\..\deps\Framework\Platform.h">
      <Filter>Framework</Filter>
    </ClInclude>
    <ClInclude Include="..\..\..\..\deps\Framework\Window.h">
      <Filter>Framework</Filter>
    </ClInclude>
    <ClInclude Include="..\..\..\..\deps\Framework\platform\win\FileSystemWin.h">
      <Filter>Framework\platform\win</Filter>
    </ClInclude>
    <ClInclude Include="..\..\..\..\deps\Framework\platform\win\FontLoaderWin.h">
      <Filter>Framework\platform\win</Filter>
    </ClInclude>
    <ClInclude Include="..\..\..\..\deps\Framework\platform\win\MainLoopWin.h">
      <Filter>Framework\platform\win</Filter>
    </ClInclude>
    <ClInclude Include="..\..\..\..\deps\Framework\platform\win\PlatformWin.h">
      <Filter>Framework\platform\win</Filter>
    </ClInclude>
    <ClInclude Include="..\..\..\..\deps\Framework\platform\win\d3d11\GPUDriverD3D11.h">
      <Filter>Framework\platform\win\d3d11</Filter>
    </ClInclude>
    <ClInclude Include="..\..\..\..\deps\Framework\platform\win\d3d11\PlatformD3D11.h">
      <Filter>Framework\platform\win\d3d11</Filter>
    </ClInclude>
  </ItemGroup>
</Project>