// !$*UTF8*$!
{
	archiveVersion = 1;
	classes = {
	};
	objectVersion = 50;
	objects = {

/* Begin PBXBuildFile section */
		661E813F214CB05800D99168 /* WebCore.framework in Frameworks */ = {isa = PBXBuildFile; fileRef = 661E813C214CB05700D99168 /* WebCore.framework */; };
		661E8140214CB05800D99168 /* libUltralightCore.dylib in Frameworks */ = {isa = PBXBuildFile; fileRef = 661E813D214CB05700D99168 /* libUltralightCore.dylib */; };
		661E8141214CB05800D99168 /* Ultralight.framework in Frameworks */ = {isa = PBXBuildFile; fileRef = 661E813E214CB05800D99168 /* Ultralight.framework */; };
		661E814A214CB43500D99168 /* main.cc in Sources */ = {isa = PBXBuildFile; fileRef = 661E8149214CB43500D99168 /* main.cc */; };
		661E814E214CB45800D99168 /* FontLoaderRoboto.cpp in Sources */ = {isa = PBXBuildFile; fileRef = 661E814C214CB45800D99168 /* FontLoaderRoboto.cpp */; };
		661E814F214CB50900D99168 /* libUltralightCore.dylib in CopyFiles */ = {isa = PBXBuildFile; fileRef = 661E813D214CB05700D99168 /* libUltralightCore.dylib */; };
		661E8150214CB50900D99168 /* Ultralight.framework in CopyFiles */ = {isa = PBXBuildFile; fileRef = 661E813E214CB05800D99168 /* Ultralight.framework */; };
		661E8151214CB50900D99168 /* WebCore.framework in CopyFiles */ = {isa = PBXBuildFile; fileRef = 661E813C214CB05700D99168 /* WebCore.framework */; };
/* End PBXBuildFile section */

/* Begin PBXCopyFilesBuildPhase section */
		661E812D214CAFE900D99168 /* CopyFiles */ = {
			isa = PBXCopyFilesBuildPhase;
			buildActionMask = 12;
			dstPath = "";
			dstSubfolderSpec = 16;
			files = (
				661E814F214CB50900D99168 /* libUltralightCore.dylib in CopyFiles */,
				661E8150214CB50900D99168 /* Ultralight.framework in CopyFiles */,
				661E8151214CB50900D99168 /* WebCore.framework in CopyFiles */,
			);
			runOnlyForDeploymentPostprocessing = 0;
		};
/* End PBXCopyFilesBuildPhase section */

/* Begin PBXFileReference section */
		661E812F214CAFE900D99168 /* HelloWorld */ = {isa = PBXFileReference; explicitFileType = "compiled.mach-o.executable"; includeInIndex = 0; path = HelloWorld; sourceTree = BUILT_PRODUCTS_DIR; };
		661E813C214CB05700D99168 /* WebCore.framework */ = {isa = PBXFileReference; lastKnownFileType = wrapper.framework; name = WebCore.framework; path = ../../../../bin/mac/WebCore.framework; sourceTree = "<group>"; };
		661E813D214CB05700D99168 /* libUltralightCore.dylib */ = {isa = PBXFileReference; lastKnownFileType = "compiled.mach-o.dylib"; name = libUltralightCore.dylib; path = ../../../../bin/mac/libUltralightCore.dylib; sourceTree = "<group>"; };
		661E813E214CB05800D99168 /* Ultralight.framework */ = {isa = PBXFileReference; lastKnownFileType = wrapper.framework; name = Ultralight.framework; path = ../../../../bin/mac/Ultralight.framework; sourceTree = "<group>"; };
		661E8149214CB43500D99168 /* main.cc */ = {isa = PBXFileReference; fileEncoding = 4; lastKnownFileType = sourcecode.cpp.cpp; name = main.cc; path = ../../src/main.cc; sourceTree = "<group>"; };
		661E814C214CB45800D99168 /* FontLoaderRoboto.cpp */ = {isa = PBXFileReference; fileEncoding = 4; lastKnownFileType = sourcecode.cpp.cpp; name = FontLoaderRoboto.cpp; path = ../../../../deps/Framework/platform/common/FontLoaderRoboto.cpp; sourceTree = "<group>"; };
		661E814D214CB45800D99168 /* FontLoaderRoboto.h */ = {isa = PBXFileReference; fileEncoding = 4; lastKnownFileType = sourcecode.c.h; name = FontLoaderRoboto.h; path = ../../../../deps/Framework/platform/common/FontLoaderRoboto.h; sourceTree = "<group>"; };
/* End PBXFileReference section */

/* Begin PBXFrameworksBuildPhase section */
		661E812C214CAFE900D99168 /* Frameworks */ = {
			isa = PBXFrameworksBuildPhase;
			buildActionMask = 2147483647;
			files = (
				661E813F214CB05800D99168 /* WebCore.framework in Frameworks */,
				661E8140214CB05800D99168 /* libUltralightCore.dylib in Frameworks */,
				661E8141214CB05800D99168 /* Ultralight.framework in Frameworks */,
			);
			runOnlyForDeploymentPostprocessing = 0;
		};
/* End PBXFrameworksBuildPhase section */

/* Begin PBXGroup section */
		661E8126214CAFE900D99168 = {
			isa = PBXGroup;
			children = (
				661E814B214CB43800D99168 /* Framework */,
				661E8148214CB42500D99168 /* HelloWorld */,
				661E8130214CAFE900D99168 /* Products */,
				661E813B214CB05700D99168 /* Frameworks */,
			);
			sourceTree = "<group>";
		};
		661E8130214CAFE900D99168 /* Products */ = {
			isa = PBXGroup;
			children = (
				661E812F214CAFE900D99168 /* HelloWorld */,
			);
			name = Products;
			sourceTree = "<group>";
		};
		661E813B214CB05700D99168 /* Frameworks */ = {
			isa = PBXGroup;
			children = (
				661E813D214CB05700D99168 /* libUltralightCore.dylib */,
				661E813E214CB05800D99168 /* Ultralight.framework */,
				661E813C214CB05700D99168 /* WebCore.framework */,
			);
			name = Frameworks;
			sourceTree = "<group>";
		};
		661E8148214CB42500D99168 /* HelloWorld */ = {
			isa = PBXGroup;
			children = (
				661E8149214CB43500D99168 /* main.cc */,
			);
			name = HelloWorld;
			sourceTree = "<group>";
		};
		661E814B214CB43800D99168 /* Framework */ = {
			isa = PBXGroup;
			children = (
				661E814C214CB45800D99168 /* FontLoaderRoboto.cpp */,
				661E814D214CB45800D99168 /* FontLoaderRoboto.h */,
			);
			name = Framework;
			sourceTree = "<group>";
		};
/* End PBXGroup section */

/* Begin PBXNativeTarget section */
		661E812E214CAFE900D99168 /* HelloWorld */ = {
			isa = PBXNativeTarget;
			buildConfigurationList = 661E8136214CAFE900D99168 /* Build configuration list for PBXNativeTarget "HelloWorld" */;
			buildPhases = (
				661E812B214CAFE900D99168 /* Sources */,
				661E812C214CAFE900D99168 /* Frameworks */,
				661E812D214CAFE900D99168 /* CopyFiles */,
			);
			buildRules = (
			);
			dependencies = (
			);
			name = HelloWorld;
			productName = HelloWorld;
			productReference = 661E812F214CAFE900D99168 /* HelloWorld */;
			productType = "com.apple.product-type.tool";
		};
/* End PBXNativeTarget section */

/* Begin PBXProject section */
		661E8127214CAFE900D99168 /* Project object */ = {
			isa = PBXProject;
			attributes = {
				LastUpgradeCheck = 0940;
				ORGANIZATIONNAME = ultralight;
				TargetAttributes = {
					661E812E214CAFE900D99168 = {
						CreatedOnToolsVersion = 9.4.1;
					};
				};
			};
			buildConfigurationList = 661E812A214CAFE900D99168 /* Build configuration list for PBXProject "HelloWorld" */;
			compatibilityVersion = "Xcode 9.3";
			developmentRegion = en;
			hasScannedForEncodings = 0;
			knownRegions = (
				en,
			);
			mainGroup = 661E8126214CAFE900D99168;
			productRefGroup = 661E8130214CAFE900D99168 /* Products */;
			projectDirPath = "";
			projectRoot = "";
			targets = (
				661E812E214CAFE900D99168 /* HelloWorld */,
			);
		};
/* End PBXProject section */

/* Begin PBXSourcesBuildPhase section */
		661E812B214CAFE900D99168 /* Sources */ = {
			isa = PBXSourcesBuildPhase;
			buildActionMask = 2147483647;
			files = (
				661E814E214CB45800D99168 /* FontLoaderRoboto.cpp in Sources */,
				661E814A214CB43500D99168 /* main.cc in Sources */,
			);
			runOnlyForDeploymentPostprocessing = 0;
		};
/* End PBXSourcesBuildPhase section */

/* Begin XCBuildConfiguration section */
		661E8134214CAFE900D99168 /* Debug */ = {
			isa = XCBuildConfiguration;
			buildSettings = {
				ALWAYS_SEARCH_USER_PATHS = NO;
				CLANG_ANALYZER_NONNULL = YES;
				CLANG_ANALYZER_NUMBER_OBJECT_CONVERSION = YES_AGGRESSIVE;
				CLANG_CXX_LANGUAGE_STANDARD = "gnu++14";
				CLANG_CXX_LIBRARY = "libc++";
				CLANG_ENABLE_MODULES = YES;
				CLANG_ENABLE_OBJC_ARC = YES;
				CLANG_ENABLE_OBJC_WEAK = YES;
				CLANG_WARN_BLOCK_CAPTURE_AUTORELEASING = YES;
				CLANG_WARN_BOOL_CONVERSION = YES;
				CLANG_WARN_COMMA = YES;
				CLANG_WARN_CONSTANT_CONVERSION = YES;
				CLANG_WARN_DEPRECATED_OBJC_IMPLEMENTATIONS = YES;
				CLANG_WARN_DIRECT_OBJC_ISA_USAGE = YES_ERROR;
				CLANG_WARN_DOCUMENTATION_COMMENTS = YES;
				CLANG_WARN_EMPTY_BODY = YES;
				CLANG_WARN_ENUM_CONVERSION = YES;
				CLANG_WARN_INFINITE_RECURSION = YES;
				CLANG_WARN_INT_CONVERSION = YES;
				CLANG_WARN_NON_LITERAL_NULL_CONVERSION = YES;
				CLANG_WARN_OBJC_IMPLICIT_RETAIN_SELF = YES;
				CLANG_WARN_OBJC_LITERAL_CONVERSION = YES;
				CLANG_WARN_OBJC_ROOT_CLASS = YES_ERROR;
				CLANG_WARN_RANGE_LOOP_ANALYSIS = YES;
				CLANG_WARN_STRICT_PROTOTYPES = YES;
				CLANG_WARN_SUSPICIOUS_MOVE = YES;
				CLANG_WARN_UNGUARDED_AVAILABILITY = YES_AGGRESSIVE;
				CLANG_WARN_UNREACHABLE_CODE = YES;
				CLANG_WARN__DUPLICATE_METHOD_MATCH = YES;
				CODE_SIGN_IDENTITY = "-";
				COPY_PHASE_STRIP = NO;
				DEBUG_INFORMATION_FORMAT = dwarf;
				ENABLE_STRICT_OBJC_MSGSEND = YES;
				ENABLE_TESTABILITY = YES;
				GCC_C_LANGUAGE_STANDARD = gnu11;
				GCC_DYNAMIC_NO_PIC = NO;
				GCC_NO_COMMON_BLOCKS = YES;
				GCC_OPTIMIZATION_LEVEL = 0;
				GCC_PREPROCESSOR_DEFINITIONS = (
					"DEBUG=1",
					"$(inherited)",
				);
				GCC_WARN_64_TO_32_BIT_CONVERSION = YES;
				GCC_WARN_ABOUT_RETURN_TYPE = YES_ERROR;
				GCC_WARN_UNDECLARED_SELECTOR = YES;
				GCC_WARN_UNINITIALIZED_AUTOS = YES_AGGRESSIVE;
				GCC_WARN_UNUSED_FUNCTION = YES;
				GCC_WARN_UNUSED_VARIABLE = YES;
				MACOSX_DEPLOYMENT_TARGET = 10.13;
				MTL_ENABLE_DEBUG_INFO = YES;
				ONLY_ACTIVE_ARCH = YES;
				SDKROOT = macosx;
			};
			name = Debug;
		};
		661E8135214CAFE900D99168 /* Release */ = {
			isa = XCBuildConfiguration;
			buildSettings = {
				ALWAYS_SEARCH_USER_PATHS = NO;
				CLANG_ANALYZER_NONNULL = YES;
				CLANG_ANALYZER_NUMBER_OBJECT_CONVERSION = YES_AGGRESSIVE;
				CLANG_CXX_LANGUAGE_STANDARD = "gnu++14";
				CLANG_CXX_LIBRARY = "libc++";
				CLANG_ENABLE_MODULES = YES;
				CLANG_ENABLE_OBJC_ARC = YES;
				CLANG_ENABLE_OBJC_WEAK = YES;
				CLANG_WARN_BLOCK_CAPTURE_AUTORELEASING = YES;
				CLANG_WARN_BOOL_CONVERSION = YES;
				CLANG_WARN_COMMA = YES;
				CLANG_WARN_CONSTANT_CONVERSION = YES;
				CLANG_WARN_DEPRECATED_OBJC_IMPLEMENTATIONS = YES;
				CLANG_WARN_DIRECT_OBJC_ISA_USAGE = YES_ERROR;
				CLANG_WARN_DOCUMENTATION_COMMENTS = YES;
				CLANG_WARN_EMPTY_BODY = YES;
				CLANG_WARN_ENUM_CONVERSION = YES;
				CLANG_WARN_INFINITE_RECURSION = YES;
				CLANG_WARN_INT_CONVERSION = YES;
				CLANG_WARN_NON_LITERAL_NULL_CONVERSION = YES;
				CLANG_WARN_OBJC_IMPLICIT_RETAIN_SELF = YES;
				CLANG_WARN_OBJC_LITERAL_CONVERSION = YES;
				CLANG_WARN_OBJC_ROOT_CLASS = YES_ERROR;
				CLANG_WARN_RANGE_LOOP_ANALYSIS = YES;
				CLANG_WARN_STRICT_PROTOTYPES = YES;
				CLANG_WARN_SUSPICIOUS_MOVE = YES;
				CLANG_WARN_UNGUARDED_AVAILABILITY = YES_AGGRESSIVE;
				CLANG_WARN_UNREACHABLE_CODE = YES;
				CLANG_WARN__DUPLICATE_METHOD_MATCH = YES;
				CODE_SIGN_IDENTITY = "-";
				COPY_PHASE_STRIP = NO;
				DEBUG_INFORMATION_FORMAT = "dwarf-with-dsym";
				ENABLE_NS_ASSERTIONS = NO;
				ENABLE_STRICT_OBJC_MSGSEND = YES;
				GCC_C_LANGUAGE_STANDARD = gnu11;
				GCC_NO_COMMON_BLOCKS = YES;
				GCC_WARN_64_TO_32_BIT_CONVERSION = YES;
				GCC_WARN_ABOUT_RETURN_TYPE = YES_ERROR;
				GCC_WARN_UNDECLARED_SELECTOR = YES;
				GCC_WARN_UNINITIALIZED_AUTOS = YES_AGGRESSIVE;
				GCC_WARN_UNUSED_FUNCTION = YES;
				GCC_WARN_UNUSED_VARIABLE = YES;
				MACOSX_DEPLOYMENT_TARGET = 10.13;
				MTL_ENABLE_DEBUG_INFO = NO;
				SDKROOT = macosx;
			};
			name = Release;
		};
		661E8137214CAFE900D99168 /* Debug */ = {
			isa = XCBuildConfiguration;
			buildSettings = {
				ALWAYS_SEARCH_USER_PATHS = NO;
				CODE_SIGN_STYLE = Automatic;
				FRAMEWORK_SEARCH_PATHS = ../../../../bin/mac;
				GCC_ENABLE_CPP_RTTI = NO;
				HEADER_SEARCH_PATHS = ../../../../include;
				LD_RUNPATH_SEARCH_PATHS = "@executable_path";
				LIBRARY_SEARCH_PATHS = ../../../../bin/mac;
				PRODUCT_NAME = "$(TARGET_NAME)";
				SYMROOT = ../../../../build;
				SYSTEM_FRAMEWORK_SEARCH_PATHS = "";
			};
			name = Debug;
		};
		661E8138214CAFE900D99168 /* Release */ = {
			isa = XCBuildConfiguration;
			buildSettings = {
				ALWAYS_SEARCH_USER_PATHS = NO;
				CODE_SIGN_STYLE = Automatic;
				FRAMEWORK_SEARCH_PATHS = ../../../../bin/mac;
				GCC_ENABLE_CPP_RTTI = NO;
				HEADER_SEARCH_PATHS = ../../../../include;
				LD_RUNPATH_SEARCH_PATHS = "@executable_path";
				LIBRARY_SEARCH_PATHS = ../../../../bin/mac;
				PRODUCT_NAME = "$(TARGET_NAME)";
				SYMROOT = ../../../../build;
				SYSTEM_FRAMEWORK_SEARCH_PATHS = "";
			};
			name = Release;
		};
/* End XCBuildConfiguration section */

/* Begin XCConfigurationList section */
		661E812A214CAFE900D99168 /* Build configuration list for PBXProject "HelloWorld" */ = {
			isa = XCConfigurationList;
			buildConfigurations = (
				661E8134214CAFE900D99168 /* Debug */,
				661E8135214CAFE900D99168 /* Release */,
			);
			defaultConfigurationIsVisible = 0;
			defaultConfigurationName = Release;
		};
		661E8136214CAFE900D99168 /* Build configuration list for PBXNativeTarget "HelloWorld" */ = {
			isa = XCConfigurationList;
			buildConfigurations = (
				661E8137214CAFE900D99168 /* Debug */,
				661E8138214CAFE900D99168 /* Release */,
			);
			defaultConfigurationIsVisible = 0;
			defaultConfigurationName = Release;
		};
/* End XCConfigurationList section */
	};
	rootObject = 661E8127214CAFE900D99168 /* Project object */;
}
